
Microsoft Visual Studio Solution File, Format Version 12.00
# Visual Studio 2012
Project("{FAE04EC0-301F-11D3-BF4B-00C04F79EFBC}") = "MJ_Client_Project.CSharp.Plugins", "MJ_Client_Project.CSharp.Plugins.csproj", "{B8E1526E-9401-818B-AEA6-6A6EDDAEE97E}"
EndProject
Project("{FAE04EC0-301F-11D3-BF4B-00C04F79EFBC}") = "MJ_Client_Project.CSharp", "MJ_Client_Project.CSharp.csproj", "{58740A7E-03BE-23C6-2FAF-154E08E75CA2}"
EndProject
Project("{FAE04EC0-301F-11D3-BF4B-00C04F79EFBC}") = "MJ_Client_Project.CSharp.Editor", "MJ_Client_Project.CSharp.Editor.csproj", "{06C9B3AE-B4ED-16F8-E8BB-AFEBE132417D}"
EndProject
Global
	GlobalSection(SolutionConfigurationPlatforms) = preSolution
		Debug|Any CPU = Debug|Any CPU
		Release|Any CPU = Release|Any CPU
	EndGlobalSection
	GlobalSection(ProjectConfigurationPlatforms) = postSolution
		{B8E1526E-9401-818B-AEA6-6A6EDDAEE97E}.Debug|Any CPU.ActiveCfg = Debug|Any CPU
		{B8E1526E-9401-818B-AEA6-6A6EDDAEE97E}.Debug|Any CPU.Build.0 = Debug|Any CPU
		{B8E1526E-9401-818B-AEA6-6A6EDDAEE97E}.Release|Any CPU.ActiveCfg = Release|Any CPU
		{B8E1526E-9401-818B-AEA6-6A6EDDAEE97E}.Release|Any CPU.Build.0 = Release|Any CPU
		{58740A7E-03BE-23C6-2FAF-154E08E75CA2}.Debug|Any CPU.ActiveCfg = Debug|Any CPU
		{58740A7E-03BE-23C6-2FAF-154E08E75CA2}.Debug|Any CPU.Build.0 = Debug|Any CPU
		{58740A7E-03BE-23C6-2FAF-154E08E75CA2}.Release|Any CPU.ActiveCfg = Release|Any CPU
		{58740A7E-03BE-23C6-2FAF-154E08E75CA2}.Release|Any CPU.Build.0 = Release|Any CPU
		{06C9B3AE-B4ED-16F8-E8BB-AFEBE132417D}.Debug|Any CPU.ActiveCfg = Debug|Any CPU
		{06C9B3AE-B4ED-16F8-E8BB-AFEBE132417D}.Debug|Any CPU.Build.0 = Debug|Any CPU
		{06C9B3AE-B4ED-16F8-E8BB-AFEBE132417D}.Release|Any CPU.ActiveCfg = Release|Any CPU
		{06C9B3AE-B4ED-16F8-E8BB-AFEBE132417D}.Release|Any CPU.Build.0 = Release|Any CPU
	EndGlobalSection
	GlobalSection(SolutionProperties) = preSolution
		HideSolutionNode = FALSE
	EndGlobalSection
EndGlobal
